
Microsoft Visual Studio Solution File, Format Version 12.00
# Visual Studio Version 17
VisualStudioVersion = 17.11.35303.130
MinimumVisualStudioVersion = 10.0.40219.1
Project("{FAE04EC0-301F-11D3-BF4B-00C04F79EFBC}") = "Cilgin-Muzisyenler", "Cilgin-Muzisyenler\Cilgin-Muzisyenler.csproj", "{3F8593BC-39D7-4E5D-9CB3-7731CD602D60}"
EndProject
Global
	GlobalSection(SolutionConfigurationPlatforms) = preSolution
		Debug|Any CPU = Debug|Any CPU
		Release|Any CPU = Release|Any CPU
	EndGlobalSection
	GlobalSection(ProjectConfigurationPlatforms) = postSolution
		{3F8593BC-39D7-4E5D-9CB3-7731CD602D60}.Debug|Any CPU.ActiveCfg = Debug|Any CPU
		{3F8593BC-39D7-4E5D-9CB3-7731CD602D60}.Debug|Any CPU.Build.0 = Debug|Any CPU
		{3F8593BC-39D7-4E5D-9CB3-7731CD602D60}.Release|Any CPU.ActiveCfg = Release|Any CPU
		{3F8593BC-39D7-4E5D-9CB3-7731CD602D60}.Release|Any CPU.Build.0 = Release|Any CPU
	EndGlobalSection
	GlobalSection(SolutionProperties) = preSolution
		HideSolutionNode = FALSE
	EndGlobalSection
	GlobalSection(ExtensibilityGlobals) = postSolution
		SolutionGuid = {237BEED9-5591-444F-916C-4017446C7E2A}
	EndGlobalSection
EndGlobal
